
Microsoft Visual Studio Solution File, Format Version 12.00
# Visual Studio 15
VisualStudioVersion = 15.0.28307.168
MinimumVisualStudioVersion = 10.0.40219.1
Project("{FAE04EC0-301F-11D3-BF4B-00C04F79EFBC}") = "SignalRChatForMVC", "SignalRChatForMVC\SignalRChatForMVC.csproj", "{4D009EA3-EC1F-4764-8C58-57F5CE99FE88}"
EndProject
Project("{2150E333-8FDC-42A3-9474-1A3956D46DE8}") = "Solution Items", "Solution Items", "{9B5588B8-DFC8-450D-ABD2-C723B46EB8F3}"
	ProjectSection(SolutionItems) = preProject
		说明.txt = 说明.txt
	EndProjectSection
EndProject
Global
	GlobalSection(SolutionConfigurationPlatforms) = preSolution
		Debug|Any CPU = Debug|Any CPU
		Release|Any CPU = Release|Any CPU
	EndGlobalSection
	GlobalSection(ProjectConfigurationPlatforms) = postSolution
		{4D009EA3-EC1F-4764-8C58-57F5CE99FE88}.Debug|Any CPU.ActiveCfg = Debug|Any CPU
		{4D009EA3-EC1F-4764-8C58-57F5CE99FE88}.Debug|Any CPU.Build.0 = Debug|Any CPU
		{4D009EA3-EC1F-4764-8C58-57F5CE99FE88}.Release|Any CPU.ActiveCfg = Release|Any CPU
		{4D009EA3-EC1F-4764-8C58-57F5CE99FE88}.Release|Any CPU.Build.0 = Release|Any CPU
	EndGlobalSection
	GlobalSection(SolutionProperties) = preSolution
		HideSolutionNode = FALSE
	EndGlobalSection
	GlobalSection(ExtensibilityGlobals) = postSolution
		SolutionGuid = {6B9A03FB-8035-4F0C-BCCA-2482E041FC1D}
	EndGlobalSection
EndGlobal
